
Microsoft Visual Studio Solution File, Format Version 12.00
# Visual Studio Version 16
VisualStudioVersion = 16.0.28803.156
MinimumVisualStudioVersion = 10.0.40219.1
Project("{FAE04EC0-301F-11D3-BF4B-00C04F79EFBC}") = "Fiap.Lac.Analisadores", "Fiap.Lac.Analisadores\Fiap.Lac.Analisadores.csproj", "{959363CE-A49C-4383-B09E-AC153AF79D39}"
EndProject
Project("{FAE04EC0-301F-11D3-BF4B-00C04F79EFBC}") = "Fiap.Lac.Apresentacao", "Fiap.Lac.Apresentacao\Fiap.Lac.Apresentacao.csproj", "{4F96D7C2-1099-4DB5-97C8-ECF8C404FD37}"
EndProject
Global
	GlobalSection(SolutionConfigurationPlatforms) = preSolution
		Debug|Any CPU = Debug|Any CPU
		Release|Any CPU = Release|Any CPU
	EndGlobalSection
	GlobalSection(ProjectConfigurationPlatforms) = postSolution
		{959363CE-A49C-4383-B09E-AC153AF79D39}.Debug|Any CPU.ActiveCfg = Debug|Any CPU
		{959363CE-A49C-4383-B09E-AC153AF79D39}.Debug|Any CPU.Build.0 = Debug|Any CPU
		{959363CE-A49C-4383-B09E-AC153AF79D39}.Release|Any CPU.ActiveCfg = Release|Any CPU
		{959363CE-A49C-4383-B09E-AC153AF79D39}.Release|Any CPU.Build.0 = Release|Any CPU
		{4F96D7C2-1099-4DB5-97C8-ECF8C404FD37}.Debug|Any CPU.ActiveCfg = Debug|Any CPU
		{4F96D7C2-1099-4DB5-97C8-ECF8C404FD37}.Debug|Any CPU.Build.0 = Debug|Any CPU
		{4F96D7C2-1099-4DB5-97C8-ECF8C404FD37}.Release|Any CPU.ActiveCfg = Release|Any CPU
		{4F96D7C2-1099-4DB5-97C8-ECF8C404FD37}.Release|Any CPU.Build.0 = Release|Any CPU
	EndGlobalSection
	GlobalSection(SolutionProperties) = preSolution
		HideSolutionNode = FALSE
	EndGlobalSection
	GlobalSection(ExtensibilityGlobals) = postSolution
		SolutionGuid = {820F21DF-7643-4F86-9A22-EE173490DD57}
	EndGlobalSection
EndGlobal
